// !$*UTF8*$!
{
	archiveVersion = 1;
	classes = {
	};
	objectVersion = 56;
	objects = {

/* Begin PBXBuildFile section */
		26D6D1C92C4BB10F008B8687 /* Profile.storyboard in Resources */ = {isa = PBXBuildFile; fileRef = 26D6D1C82C4BB10F008B8687 /* Profile.storyboard */; };
		26D6D1CB2C4BB28E008B8687 /* ProfileViewController.swift in Sources */ = {isa = PBXBuildFile; fileRef = 26D6D1CA2C4BB28E008B8687 /* ProfileViewController.swift */; };
		26D6D1CD2C4BB2E8008B8687 /* ProfileViewModel.swift in Sources */ = {isa = PBXBuildFile; fileRef = 26D6D1CC2C4BB2E8008B8687 /* ProfileViewModel.swift */; };
		26D6D1D02C4BB3EA008B8687 /* ProfileRepository.swift in Sources */ = {isa = PBXBuildFile; fileRef = 26D6D1CF2C4BB3EA008B8687 /* ProfileRepository.swift */; };
		26D6D1D22C4BB3F6008B8687 /* ProfieModel.swift in Sources */ = {isa = PBXBuildFile; fileRef = 26D6D1D12C4BB3F6008B8687 /* ProfieModel.swift */; };
		26D6D1D62C4BB4DF008B8687 /* URLSession+Extension.swift in Sources */ = {isa = PBXBuildFile; fileRef = 26D6D1D52C4BB4DF008B8687 /* URLSession+Extension.swift */; };
		26D6D1D82C4BB51A008B8687 /* ServiceErrors.swift in Sources */ = {isa = PBXBuildFile; fileRef = 26D6D1D72C4BB51A008B8687 /* ServiceErrors.swift */; };
		26D6D1DA2C4BB66F008B8687 /* Constants.swift in Sources */ = {isa = PBXBuildFile; fileRef = 26D6D1D92C4BB66F008B8687 /* Constants.swift */; };
		26D6D1DC2C4BBB6B008B8687 /* ViewModelDelegate.swift in Sources */ = {isa = PBXBuildFile; fileRef = 26D6D1DB2C4BBB6B008B8687 /* ViewModelDelegate.swift */; };
		26D6D1E72C4BDDC9008B8687 /* Transactions.storyboard in Resources */ = {isa = PBXBuildFile; fileRef = 26D6D1E62C4BDDC9008B8687 /* Transactions.storyboard */; };
		26D6D1E92C4BDDD5008B8687 /* TransactionsViewController.swift in Sources */ = {isa = PBXBuildFile; fileRef = 26D6D1E82C4BDDD5008B8687 /* TransactionsViewController.swift */; };
		26D6D1EB2C4BDDE5008B8687 /* TransactionsViewModel.swift in Sources */ = {isa = PBXBuildFile; fileRef = 26D6D1EA2C4BDDE5008B8687 /* TransactionsViewModel.swift */; };
		26D6D1EE2C4BDE09008B8687 /* TransactionsRepository.swift in Sources */ = {isa = PBXBuildFile; fileRef = 26D6D1ED2C4BDE09008B8687 /* TransactionsRepository.swift */; };
		26D6D1F02C4BDEEC008B8687 /* TransactionModel.swift in Sources */ = {isa = PBXBuildFile; fileRef = 26D6D1EF2C4BDEEC008B8687 /* TransactionModel.swift */; };
		D86674F82C4BAD8000D03956 /* AppDelegate.swift in Sources */ = {isa = PBXBuildFile; fileRef = D86674F72C4BAD8000D03956 /* AppDelegate.swift */; };
		D86674FA2C4BAD8000D03956 /* SceneDelegate.swift in Sources */ = {isa = PBXBuildFile; fileRef = D86674F92C4BAD8000D03956 /* SceneDelegate.swift */; };
		D86674FC2C4BAD8000D03956 /* ViewController.swift in Sources */ = {isa = PBXBuildFile; fileRef = D86674FB2C4BAD8000D03956 /* ViewController.swift */; };
		D86674FF2C4BAD8000D03956 /* Main.storyboard in Resources */ = {isa = PBXBuildFile; fileRef = D86674FD2C4BAD8000D03956 /* Main.storyboard */; };
		D86675022C4BAD8000D03956 /* cacheMeSwiftApp.xcdatamodeld in Sources */ = {isa = PBXBuildFile; fileRef = D86675002C4BAD8000D03956 /* cacheMeSwiftApp.xcdatamodeld */; };
		D86675042C4BAD8300D03956 /* Assets.xcassets in Resources */ = {isa = PBXBuildFile; fileRef = D86675032C4BAD8300D03956 /* Assets.xcassets */; };
		D86675072C4BAD8300D03956 /* LaunchScreen.storyboard in Resources */ = {isa = PBXBuildFile; fileRef = D86675052C4BAD8300D03956 /* LaunchScreen.storyboard */; };
		D866751A2C4BD7C100D03956 /* homeScreen.storyboard in Resources */ = {isa = PBXBuildFile; fileRef = D86675192C4BD7C100D03956 /* homeScreen.storyboard */; };
		D866751C2C4BD80400D03956 /* homeScreenViewController.swift in Sources */ = {isa = PBXBuildFile; fileRef = D866751B2C4BD80400D03956 /* homeScreenViewController.swift */; };
		D86675212C4BE18900D03956 /* TransactionsTableViewCell.swift in Sources */ = {isa = PBXBuildFile; fileRef = D866751F2C4BE18900D03956 /* TransactionsTableViewCell.swift */; };
		D86675222C4BE18900D03956 /* TransactionsTableViewCell.xib in Resources */ = {isa = PBXBuildFile; fileRef = D86675202C4BE18900D03956 /* TransactionsTableViewCell.xib */; };
/* End PBXBuildFile section */

/* Begin PBXFileReference section */
		26D6D1C82C4BB10F008B8687 /* Profile.storyboard */ = {isa = PBXFileReference; lastKnownFileType = file.storyboard; path = Profile.storyboard; sourceTree = "<group>"; };
		26D6D1CA2C4BB28E008B8687 /* ProfileViewController.swift */ = {isa = PBXFileReference; lastKnownFileType = sourcecode.swift; path = ProfileViewController.swift; sourceTree = "<group>"; };
		26D6D1CC2C4BB2E8008B8687 /* ProfileViewModel.swift */ = {isa = PBXFileReference; lastKnownFileType = sourcecode.swift; path = ProfileViewModel.swift; sourceTree = "<group>"; };
		26D6D1CF2C4BB3EA008B8687 /* ProfileRepository.swift */ = {isa = PBXFileReference; lastKnownFileType = sourcecode.swift; path = ProfileRepository.swift; sourceTree = "<group>"; };
		26D6D1D12C4BB3F6008B8687 /* ProfieModel.swift */ = {isa = PBXFileReference; lastKnownFileType = sourcecode.swift; path = ProfieModel.swift; sourceTree = "<group>"; };
		26D6D1D52C4BB4DF008B8687 /* URLSession+Extension.swift */ = {isa = PBXFileReference; fileEncoding = 4; lastKnownFileType = sourcecode.swift; path = "URLSession+Extension.swift"; sourceTree = "<group>"; };
		26D6D1D72C4BB51A008B8687 /* ServiceErrors.swift */ = {isa = PBXFileReference; fileEncoding = 4; lastKnownFileType = sourcecode.swift; path = ServiceErrors.swift; sourceTree = "<group>"; };
		26D6D1D92C4BB66F008B8687 /* Constants.swift */ = {isa = PBXFileReference; lastKnownFileType = sourcecode.swift; path = Constants.swift; sourceTree = "<group>"; };
		26D6D1DB2C4BBB6B008B8687 /* ViewModelDelegate.swift */ = {isa = PBXFileReference; lastKnownFileType = sourcecode.swift; path = ViewModelDelegate.swift; sourceTree = "<group>"; };
		26D6D1E62C4BDDC9008B8687 /* Transactions.storyboard */ = {isa = PBXFileReference; lastKnownFileType = file.storyboard; path = Transactions.storyboard; sourceTree = "<group>"; };
		26D6D1E82C4BDDD5008B8687 /* TransactionsViewController.swift */ = {isa = PBXFileReference; lastKnownFileType = sourcecode.swift; path = TransactionsViewController.swift; sourceTree = "<group>"; };
		26D6D1EA2C4BDDE5008B8687 /* TransactionsViewModel.swift */ = {isa = PBXFileReference; lastKnownFileType = sourcecode.swift; path = TransactionsViewModel.swift; sourceTree = "<group>"; };
		26D6D1ED2C4BDE09008B8687 /* TransactionsRepository.swift */ = {isa = PBXFileReference; lastKnownFileType = sourcecode.swift; path = TransactionsRepository.swift; sourceTree = "<group>"; };
		26D6D1EF2C4BDEEC008B8687 /* TransactionModel.swift */ = {isa = PBXFileReference; lastKnownFileType = sourcecode.swift; path = TransactionModel.swift; sourceTree = "<group>"; };
		D86674F42C4BAD8000D03956 /* cacheMeSwiftApp.app */ = {isa = PBXFileReference; explicitFileType = wrapper.application; includeInIndex = 0; path = cacheMeSwiftApp.app; sourceTree = BUILT_PRODUCTS_DIR; };
		D86674F72C4BAD8000D03956 /* AppDelegate.swift */ = {isa = PBXFileReference; lastKnownFileType = sourcecode.swift; path = AppDelegate.swift; sourceTree = "<group>"; };
		D86674F92C4BAD8000D03956 /* SceneDelegate.swift */ = {isa = PBXFileReference; lastKnownFileType = sourcecode.swift; path = SceneDelegate.swift; sourceTree = "<group>"; };
		D86674FB2C4BAD8000D03956 /* ViewController.swift */ = {isa = PBXFileReference; lastKnownFileType = sourcecode.swift; path = ViewController.swift; sourceTree = "<group>"; };
		D86674FE2C4BAD8000D03956 /* Base */ = {isa = PBXFileReference; lastKnownFileType = file.storyboard; name = Base; path = Base.lproj/Main.storyboard; sourceTree = "<group>"; };
		D86675012C4BAD8000D03956 /* cacheMeSwiftApp.xcdatamodel */ = {isa = PBXFileReference; lastKnownFileType = wrapper.xcdatamodel; path = cacheMeSwiftApp.xcdatamodel; sourceTree = "<group>"; };
		D86675032C4BAD8300D03956 /* Assets.xcassets */ = {isa = PBXFileReference; lastKnownFileType = folder.assetcatalog; path = Assets.xcassets; sourceTree = "<group>"; };
		D86675062C4BAD8300D03956 /* Base */ = {isa = PBXFileReference; lastKnownFileType = file.storyboard; name = Base; path = Base.lproj/LaunchScreen.storyboard; sourceTree = "<group>"; };
		D86675082C4BAD8300D03956 /* Info.plist */ = {isa = PBXFileReference; lastKnownFileType = text.plist.xml; path = Info.plist; sourceTree = "<group>"; };
		D86675192C4BD7C100D03956 /* homeScreen.storyboard */ = {isa = PBXFileReference; lastKnownFileType = file.storyboard; path = homeScreen.storyboard; sourceTree = "<group>"; };
		D866751B2C4BD80400D03956 /* homeScreenViewController.swift */ = {isa = PBXFileReference; lastKnownFileType = sourcecode.swift; path = homeScreenViewController.swift; sourceTree = "<group>"; };
		D866751F2C4BE18900D03956 /* TransactionsTableViewCell.swift */ = {isa = PBXFileReference; lastKnownFileType = sourcecode.swift; path = TransactionsTableViewCell.swift; sourceTree = "<group>"; };
		D86675202C4BE18900D03956 /* TransactionsTableViewCell.xib */ = {isa = PBXFileReference; lastKnownFileType = file.xib; path = TransactionsTableViewCell.xib; sourceTree = "<group>"; };
/* End PBXFileReference section */

/* Begin PBXFrameworksBuildPhase section */
		D86674F12C4BAD8000D03956 /* Frameworks */ = {
			isa = PBXFrameworksBuildPhase;
			buildActionMask = 2147483647;
			files = (
			);
			runOnlyForDeploymentPostprocessing = 0;
		};
/* End PBXFrameworksBuildPhase section */

/* Begin PBXGroup section */
		26D6D1C72C4BAEF2008B8687 /* Profile */ = {
			isa = PBXGroup;
			children = (
				26D6D1CE2C4BB3C9008B8687 /* Repository */,
				26D6D1C82C4BB10F008B8687 /* Profile.storyboard */,
				26D6D1CA2C4BB28E008B8687 /* ProfileViewController.swift */,
				26D6D1CC2C4BB2E8008B8687 /* ProfileViewModel.swift */,
			);
			name = Profile;
			sourceTree = "<group>";
		};
		26D6D1CE2C4BB3C9008B8687 /* Repository */ = {
			isa = PBXGroup;
			children = (
				26D6D1CF2C4BB3EA008B8687 /* ProfileRepository.swift */,
				26D6D1D12C4BB3F6008B8687 /* ProfieModel.swift */,
			);
			name = Repository;
			sourceTree = "<group>";
		};
		26D6D1D42C4BB4BC008B8687 /* Utilities */ = {
			isa = PBXGroup;
			children = (
				26D6D1D52C4BB4DF008B8687 /* URLSession+Extension.swift */,
				26D6D1D72C4BB51A008B8687 /* ServiceErrors.swift */,
				26D6D1D92C4BB66F008B8687 /* Constants.swift */,
				26D6D1DB2C4BBB6B008B8687 /* ViewModelDelegate.swift */,
			);
			name = Utilities;
			sourceTree = "<group>";
		};
		26D6D1E52C4BDDAA008B8687 /* Transactions */ = {
			isa = PBXGroup;
			children = (
				26D6D1EC2C4BDDF4008B8687 /* TransactionsRepository */,
				26D6D1E62C4BDDC9008B8687 /* Transactions.storyboard */,
				26D6D1E82C4BDDD5008B8687 /* TransactionsViewController.swift */,
				26D6D1EA2C4BDDE5008B8687 /* TransactionsViewModel.swift */,
			);
			name = Transactions;
			sourceTree = "<group>";
		};
		26D6D1EC2C4BDDF4008B8687 /* TransactionsRepository */ = {
			isa = PBXGroup;
			children = (
				26D6D1ED2C4BDE09008B8687 /* TransactionsRepository.swift */,
				26D6D1EF2C4BDEEC008B8687 /* TransactionModel.swift */,
				D866751F2C4BE18900D03956 /* TransactionsTableViewCell.swift */,
				D86675202C4BE18900D03956 /* TransactionsTableViewCell.xib */,
			);
			name = TransactionsRepository;
			sourceTree = "<group>";
		};
		D86674EB2C4BAD8000D03956 = {
			isa = PBXGroup;
			children = (
				D86674F62C4BAD8000D03956 /* cacheMeSwiftApp */,
				D86674F52C4BAD8000D03956 /* Products */,
			);
			sourceTree = "<group>";
		};
		D86674F52C4BAD8000D03956 /* Products */ = {
			isa = PBXGroup;
			children = (
				D86674F42C4BAD8000D03956 /* cacheMeSwiftApp.app */,
			);
			name = Products;
			sourceTree = "<group>";
		};
		D86674F62C4BAD8000D03956 /* cacheMeSwiftApp */ = {
			isa = PBXGroup;
			children = (
				26D6D1E52C4BDDAA008B8687 /* Transactions */,
				D86675182C4BD7B600D03956 /* home */,
				26D6D1D42C4BB4BC008B8687 /* Utilities */,
				26D6D1C72C4BAEF2008B8687 /* Profile */,
				D86674F72C4BAD8000D03956 /* AppDelegate.swift */,
				D86674F92C4BAD8000D03956 /* SceneDelegate.swift */,
				D86674FB2C4BAD8000D03956 /* ViewController.swift */,
				D86674FD2C4BAD8000D03956 /* Main.storyboard */,
				D86675032C4BAD8300D03956 /* Assets.xcassets */,
				D86675052C4BAD8300D03956 /* LaunchScreen.storyboard */,
				D86675082C4BAD8300D03956 /* Info.plist */,
				D86675002C4BAD8000D03956 /* cacheMeSwiftApp.xcdatamodeld */,
			);
			path = cacheMeSwiftApp;
			sourceTree = "<group>";
		};
		D86675182C4BD7B600D03956 /* home */ = {
			isa = PBXGroup;
			children = (
				D86675192C4BD7C100D03956 /* homeScreen.storyboard */,
				D866751B2C4BD80400D03956 /* homeScreenViewController.swift */,
			);
			path = home;
			sourceTree = "<group>";
		};
/* End PBXGroup section */

/* Begin PBXNativeTarget section */
		D86674F32C4BAD8000D03956 /* cacheMeSwiftApp */ = {
			isa = PBXNativeTarget;
			buildConfigurationList = D866750B2C4BAD8300D03956 /* Build configuration list for PBXNativeTarget "cacheMeSwiftApp" */;
			buildPhases = (
				D86674F02C4BAD8000D03956 /* Sources */,
				D86674F12C4BAD8000D03956 /* Frameworks */,
				D86674F22C4BAD8000D03956 /* Resources */,
			);
			buildRules = (
			);
			dependencies = (
			);
			name = cacheMeSwiftApp;
			productName = cacheMeSwiftApp;
			productReference = D86674F42C4BAD8000D03956 /* cacheMeSwiftApp.app */;
			productType = "com.apple.product-type.application";
		};
/* End PBXNativeTarget section */

/* Begin PBXProject section */
		D86674EC2C4BAD8000D03956 /* Project object */ = {
			isa = PBXProject;
			attributes = {
				BuildIndependentTargetsInParallel = 1;
				LastSwiftUpdateCheck = 1520;
				LastUpgradeCheck = 1520;
				TargetAttributes = {
					D86674F32C4BAD8000D03956 = {
						CreatedOnToolsVersion = 15.2;
					};
				};
			};
			buildConfigurationList = D86674EF2C4BAD8000D03956 /* Build configuration list for PBXProject "cacheMeSwiftApp" */;
			compatibilityVersion = "Xcode 14.0";
			developmentRegion = en;
			hasScannedForEncodings = 0;
			knownRegions = (
				en,
				Base,
			);
			mainGroup = D86674EB2C4BAD8000D03956;
			productRefGroup = D86674F52C4BAD8000D03956 /* Products */;
			projectDirPath = "";
			projectRoot = "";
			targets = (
				D86674F32C4BAD8000D03956 /* cacheMeSwiftApp */,
			);
		};
/* End PBXProject section */

/* Begin PBXResourcesBuildPhase section */
		D86674F22C4BAD8000D03956 /* Resources */ = {
			isa = PBXResourcesBuildPhase;
			buildActionMask = 2147483647;
			files = (
				D86675072C4BAD8300D03956 /* LaunchScreen.storyboard in Resources */,
				D86675042C4BAD8300D03956 /* Assets.xcassets in Resources */,
				D86674FF2C4BAD8000D03956 /* Main.storyboard in Resources */,
				D86675222C4BE18900D03956 /* TransactionsTableViewCell.xib in Resources */,
				26D6D1E72C4BDDC9008B8687 /* Transactions.storyboard in Resources */,
				26D6D1C92C4BB10F008B8687 /* Profile.storyboard in Resources */,
				D866751A2C4BD7C100D03956 /* homeScreen.storyboard in Resources */,
			);
			runOnlyForDeploymentPostprocessing = 0;
		};
/* End PBXResourcesBuildPhase section */

/* Begin PBXSourcesBuildPhase section */
		D86674F02C4BAD8000D03956 /* Sources */ = {
			isa = PBXSourcesBuildPhase;
			buildActionMask = 2147483647;
			files = (
				D86675212C4BE18900D03956 /* TransactionsTableViewCell.swift in Sources */,
				26D6D1EE2C4BDE09008B8687 /* TransactionsRepository.swift in Sources */,
				26D6D1E92C4BDDD5008B8687 /* TransactionsViewController.swift in Sources */,
				26D6D1EB2C4BDDE5008B8687 /* TransactionsViewModel.swift in Sources */,
				26D6D1CD2C4BB2E8008B8687 /* ProfileViewModel.swift in Sources */,
				26D6D1DC2C4BBB6B008B8687 /* ViewModelDelegate.swift in Sources */,
				26D6D1DA2C4BB66F008B8687 /* Constants.swift in Sources */,
				D866751C2C4BD80400D03956 /* homeScreenViewController.swift in Sources */,
				26D6D1F02C4BDEEC008B8687 /* TransactionModel.swift in Sources */,
				D86675022C4BAD8000D03956 /* cacheMeSwiftApp.xcdatamodeld in Sources */,
				26D6D1D22C4BB3F6008B8687 /* ProfieModel.swift in Sources */,
				26D6D1D02C4BB3EA008B8687 /* ProfileRepository.swift in Sources */,
				D86674FC2C4BAD8000D03956 /* ViewController.swift in Sources */,
				26D6D1D62C4BB4DF008B8687 /* URLSession+Extension.swift in Sources */,
				26D6D1D82C4BB51A008B8687 /* ServiceErrors.swift in Sources */,
				26D6D1CB2C4BB28E008B8687 /* ProfileViewController.swift in Sources */,
				D86674F82C4BAD8000D03956 /* AppDelegate.swift in Sources */,
				D86674FA2C4BAD8000D03956 /* SceneDelegate.swift in Sources */,
			);
			runOnlyForDeploymentPostprocessing = 0;
		};
/* End PBXSourcesBuildPhase section */

/* Begin PBXVariantGroup section */
		D86674FD2C4BAD8000D03956 /* Main.storyboard */ = {
			isa = PBXVariantGroup;
			children = (
				D86674FE2C4BAD8000D03956 /* Base */,
			);
			name = Main.storyboard;
			sourceTree = "<group>";
		};
		D86675052C4BAD8300D03956 /* LaunchScreen.storyboard */ = {
			isa = PBXVariantGroup;
			children = (
				D86675062C4BAD8300D03956 /* Base */,
			);
			name = LaunchScreen.storyboard;
			sourceTree = "<group>";
		};
/* End PBXVariantGroup section */

/* Begin XCBuildConfiguration section */
		D86675092C4BAD8300D03956 /* Debug */ = {
			isa = XCBuildConfiguration;
			buildSettings = {
				ALWAYS_SEARCH_USER_PATHS = NO;
				ASSETCATALOG_COMPILER_GENERATE_SWIFT_ASSET_SYMBOL_EXTENSIONS = YES;
				CLANG_ANALYZER_NONNULL = YES;
				CLANG_ANALYZER_NUMBER_OBJECT_CONVERSION = YES_AGGRESSIVE;
				CLANG_CXX_LANGUAGE_STANDARD = "gnu++20";
				CLANG_ENABLE_MODULES = YES;
				CLANG_ENABLE_OBJC_ARC = YES;
				CLANG_ENABLE_OBJC_WEAK = YES;
				CLANG_WARN_BLOCK_CAPTURE_AUTORELEASING = YES;
				CLANG_WARN_BOOL_CONVERSION = YES;
				CLANG_WARN_COMMA = YES;
				CLANG_WARN_CONSTANT_CONVERSION = YES;
				CLANG_WARN_DEPRECATED_OBJC_IMPLEMENTATIONS = YES;
				CLANG_WARN_DIRECT_OBJC_ISA_USAGE = YES_ERROR;
				CLANG_WARN_DOCUMENTATION_COMMENTS = YES;
				CLANG_WARN_EMPTY_BODY = YES;
				CLANG_WARN_ENUM_CONVERSION = YES;
				CLANG_WARN_INFINITE_RECURSION = YES;
				CLANG_WARN_INT_CONVERSION = YES;
				CLANG_WARN_NON_LITERAL_NULL_CONVERSION = YES;
				CLANG_WARN_OBJC_IMPLICIT_RETAIN_SELF = YES;
				CLANG_WARN_OBJC_LITERAL_CONVERSION = YES;
				CLANG_WARN_OBJC_ROOT_CLASS = YES_ERROR;
				CLANG_WARN_QUOTED_INCLUDE_IN_FRAMEWORK_HEADER = YES;
				CLANG_WARN_RANGE_LOOP_ANALYSIS = YES;
				CLANG_WARN_STRICT_PROTOTYPES = YES;
				CLANG_WARN_SUSPICIOUS_MOVE = YES;
				CLANG_WARN_UNGUARDED_AVAILABILITY = YES_AGGRESSIVE;
				CLANG_WARN_UNREACHABLE_CODE = YES;
				CLANG_WARN__DUPLICATE_METHOD_MATCH = YES;
				COPY_PHASE_STRIP = NO;
				DEBUG_INFORMATION_FORMAT = dwarf;
				ENABLE_STRICT_OBJC_MSGSEND = YES;
				ENABLE_TESTABILITY = YES;
				ENABLE_USER_SCRIPT_SANDBOXING = YES;
				GCC_C_LANGUAGE_STANDARD = gnu17;
				GCC_DYNAMIC_NO_PIC = NO;
				GCC_NO_COMMON_BLOCKS = YES;
				GCC_OPTIMIZATION_LEVEL = 0;
				GCC_PREPROCESSOR_DEFINITIONS = (
					"DEBUG=1",
					"$(inherited)",
				);
				GCC_WARN_64_TO_32_BIT_CONVERSION = YES;
				GCC_WARN_ABOUT_RETURN_TYPE = YES_ERROR;
				GCC_WARN_UNDECLARED_SELECTOR = YES;
				GCC_WARN_UNINITIALIZED_AUTOS = YES_AGGRESSIVE;
				GCC_WARN_UNUSED_FUNCTION = YES;
				GCC_WARN_UNUSED_VARIABLE = YES;
				IPHONEOS_DEPLOYMENT_TARGET = 17.2;
				LOCALIZATION_PREFERS_STRING_CATALOGS = YES;
				MTL_ENABLE_DEBUG_INFO = INCLUDE_SOURCE;
				MTL_FAST_MATH = YES;
				ONLY_ACTIVE_ARCH = YES;
				SDKROOT = iphoneos;
				SWIFT_ACTIVE_COMPILATION_CONDITIONS = "DEBUG $(inherited)";
				SWIFT_OPTIMIZATION_LEVEL = "-Onone";
			};
			name = Debug;
		};
		D866750A2C4BAD8300D03956 /* Release */ = {
			isa = XCBuildConfiguration;
			buildSettings = {
				ALWAYS_SEARCH_USER_PATHS = NO;
				ASSETCATALOG_COMPILER_GENERATE_SWIFT_ASSET_SYMBOL_EXTENSIONS = YES;
				CLANG_ANALYZER_NONNULL = YES;
				CLANG_ANALYZER_NUMBER_OBJECT_CONVERSION = YES_AGGRESSIVE;
				CLANG_CXX_LANGUAGE_STANDARD = "gnu++20";
				CLANG_ENABLE_MODULES = YES;
				CLANG_ENABLE_OBJC_ARC = YES;
				CLANG_ENABLE_OBJC_WEAK = YES;
				CLANG_WARN_BLOCK_CAPTURE_AUTORELEASING = YES;
				CLANG_WARN_BOOL_CONVERSION = YES;
				CLANG_WARN_COMMA = YES;
				CLANG_WARN_CONSTANT_CONVERSION = YES;
				CLANG_WARN_DEPRECATED_OBJC_IMPLEMENTATIONS = YES;
				CLANG_WARN_DIRECT_OBJC_ISA_USAGE = YES_ERROR;
				CLANG_WARN_DOCUMENTATION_COMMENTS = YES;
				CLANG_WARN_EMPTY_BODY = YES;
				CLANG_WARN_ENUM_CONVERSION = YES;
				CLANG_WARN_INFINITE_RECURSION = YES;
				CLANG_WARN_INT_CONVERSION = YES;
				CLANG_WARN_NON_LITERAL_NULL_CONVERSION = YES;
				CLANG_WARN_OBJC_IMPLICIT_RETAIN_SELF = YES;
				CLANG_WARN_OBJC_LITERAL_CONVERSION = YES;
				CLANG_WARN_OBJC_ROOT_CLASS = YES_ERROR;
				CLANG_WARN_QUOTED_INCLUDE_IN_FRAMEWORK_HEADER = YES;
				CLANG_WARN_RANGE_LOOP_ANALYSIS = YES;
				CLANG_WARN_STRICT_PROTOTYPES = YES;
				CLANG_WARN_SUSPICIOUS_MOVE = YES;
				CLANG_WARN_UNGUARDED_AVAILABILITY = YES_AGGRESSIVE;
				CLANG_WARN_UNREACHABLE_CODE = YES;
				CLANG_WARN__DUPLICATE_METHOD_MATCH = YES;
				COPY_PHASE_STRIP = NO;
				DEBUG_INFORMATION_FORMAT = "dwarf-with-dsym";
				ENABLE_NS_ASSERTIONS = NO;
				ENABLE_STRICT_OBJC_MSGSEND = YES;
				ENABLE_USER_SCRIPT_SANDBOXING = YES;
				GCC_C_LANGUAGE_STANDARD = gnu17;
				GCC_NO_COMMON_BLOCKS = YES;
				GCC_WARN_64_TO_32_BIT_CONVERSION = YES;
				GCC_WARN_ABOUT_RETURN_TYPE = YES_ERROR;
				GCC_WARN_UNDECLARED_SELECTOR = YES;
				GCC_WARN_UNINITIALIZED_AUTOS = YES_AGGRESSIVE;
				GCC_WARN_UNUSED_FUNCTION = YES;
				GCC_WARN_UNUSED_VARIABLE = YES;
				IPHONEOS_DEPLOYMENT_TARGET = 17.2;
				LOCALIZATION_PREFERS_STRING_CATALOGS = YES;
				MTL_ENABLE_DEBUG_INFO = NO;
				MTL_FAST_MATH = YES;
				SDKROOT = iphoneos;
				SWIFT_COMPILATION_MODE = wholemodule;
				VALIDATE_PRODUCT = YES;
			};
			name = Release;
		};
		D866750C2C4BAD8300D03956 /* Debug */ = {
			isa = XCBuildConfiguration;
			buildSettings = {
				ASSETCATALOG_COMPILER_APPICON_NAME = AppIcon;
				ASSETCATALOG_COMPILER_GLOBAL_ACCENT_COLOR_NAME = AccentColor;
				CODE_SIGN_STYLE = Automatic;
				CURRENT_PROJECT_VERSION = 1;
				DEVELOPMENT_TEAM = 84BCXK2DR9;
				GENERATE_INFOPLIST_FILE = YES;
				INFOPLIST_FILE = cacheMeSwiftApp/Info.plist;
				INFOPLIST_KEY_UIApplicationSupportsIndirectInputEvents = YES;
				INFOPLIST_KEY_UILaunchStoryboardName = LaunchScreen;
				INFOPLIST_KEY_UIMainStoryboardFile = Main;
				INFOPLIST_KEY_UISupportedInterfaceOrientations_iPad = "UIInterfaceOrientationPortrait UIInterfaceOrientationPortraitUpsideDown UIInterfaceOrientationLandscapeLeft UIInterfaceOrientationLandscapeRight";
				INFOPLIST_KEY_UISupportedInterfaceOrientations_iPhone = "UIInterfaceOrientationPortrait UIInterfaceOrientationLandscapeLeft UIInterfaceOrientationLandscapeRight";
				LD_RUNPATH_SEARCH_PATHS = (
					"$(inherited)",
					"@executable_path/Frameworks",
				);
				MARKETING_VERSION = 1.0;
				PRODUCT_BUNDLE_IDENTIFIER = com.dvt.sjacobs.cacheMeSwiftApp;
				PRODUCT_NAME = "$(TARGET_NAME)";
				SWIFT_EMIT_LOC_STRINGS = YES;
				SWIFT_VERSION = 5.0;
				TARGETED_DEVICE_FAMILY = "1,2";
			};
			name = Debug;
		};
		D866750D2C4BAD8300D03956 /* Release */ = {
			isa = XCBuildConfiguration;
			buildSettings = {
				ASSETCATALOG_COMPILER_APPICON_NAME = AppIcon;
				ASSETCATALOG_COMPILER_GLOBAL_ACCENT_COLOR_NAME = AccentColor;
				CODE_SIGN_STYLE = Automatic;
				CURRENT_PROJECT_VERSION = 1;
				DEVELOPMENT_TEAM = 84BCXK2DR9;
				GENERATE_INFOPLIST_FILE = YES;
				INFOPLIST_FILE = cacheMeSwiftApp/Info.plist;
				INFOPLIST_KEY_UIApplicationSupportsIndirectInputEvents = YES;
				INFOPLIST_KEY_UILaunchStoryboardName = LaunchScreen;
				INFOPLIST_KEY_UIMainStoryboardFile = Main;
				INFOPLIST_KEY_UISupportedInterfaceOrientations_iPad = "UIInterfaceOrientationPortrait UIInterfaceOrientationPortraitUpsideDown UIInterfaceOrientationLandscapeLeft UIInterfaceOrientationLandscapeRight";
				INFOPLIST_KEY_UISupportedInterfaceOrientations_iPhone = "UIInterfaceOrientationPortrait UIInterfaceOrientationLandscapeLeft UIInterfaceOrientationLandscapeRight";
				LD_RUNPATH_SEARCH_PATHS = (
					"$(inherited)",
					"@executable_path/Frameworks",
				);
				MARKETING_VERSION = 1.0;
				PRODUCT_BUNDLE_IDENTIFIER = com.dvt.sjacobs.cacheMeSwiftApp;
				PRODUCT_NAME = "$(TARGET_NAME)";
				SWIFT_EMIT_LOC_STRINGS = YES;
				SWIFT_VERSION = 5.0;
				TARGETED_DEVICE_FAMILY = "1,2";
			};
			name = Release;
		};
/* End XCBuildConfiguration section */

/* Begin XCConfigurationList section */
		D86674EF2C4BAD8000D03956 /* Build configuration list for PBXProject "cacheMeSwiftApp" */ = {
			isa = XCConfigurationList;
			buildConfigurations = (
				D86675092C4BAD8300D03956 /* Debug */,
				D866750A2C4BAD8300D03956 /* Release */,
			);
			defaultConfigurationIsVisible = 0;
			defaultConfigurationName = Release;
		};
		D866750B2C4BAD8300D03956 /* Build configuration list for PBXNativeTarget "cacheMeSwiftApp" */ = {
			isa = XCConfigurationList;
			buildConfigurations = (
				D866750C2C4BAD8300D03956 /* Debug */,
				D866750D2C4BAD8300D03956 /* Release */,
			);
			defaultConfigurationIsVisible = 0;
			defaultConfigurationName = Release;
		};
/* End XCConfigurationList section */

/* Begin XCVersionGroup section */
		D86675002C4BAD8000D03956 /* cacheMeSwiftApp.xcdatamodeld */ = {
			isa = XCVersionGroup;
			children = (
				D86675012C4BAD8000D03956 /* cacheMeSwiftApp.xcdatamodel */,
			);
			currentVersion = D86675012C4BAD8000D03956 /* cacheMeSwiftApp.xcdatamodel */;
			path = cacheMeSwiftApp.xcdatamodeld;
			sourceTree = "<group>";
			versionGroupType = wrapper.xcdatamodel;
		};
/* End XCVersionGroup section */
	};
	rootObject = D86674EC2C4BAD8000D03956 /* Project object */;
}
